
Microsoft Visual Studio Solution File, Format Version 12.00
# Visual Studio Version 17
VisualStudioVersion = 17.8.34322.80
MinimumVisualStudioVersion = 10.0.40219.1
Project("{9A19103F-16F7-4668-BE54-9A1E7A4F7556}") = "AspNetcore1", "AspNetcoreLearning\AspNetcore1.csproj", "{847C433A-14CF-4926-A834-EF80474B7D5A}"
EndProject
Global
	GlobalSection(SolutionConfigurationPlatforms) = preSolution
		Debug|Any CPU = Debug|Any CPU
		Release|Any CPU = Release|Any CPU
	EndGlobalSection
	GlobalSection(ProjectConfigurationPlatforms) = postSolution
		{847C433A-14CF-4926-A834-EF80474B7D5A}.Debug|Any CPU.ActiveCfg = Debug|Any CPU
		{847C433A-14CF-4926-A834-EF80474B7D5A}.Debug|Any CPU.Build.0 = Debug|Any CPU
		{847C433A-14CF-4926-A834-EF80474B7D5A}.Release|Any CPU.ActiveCfg = Release|Any CPU
		{847C433A-14CF-4926-A834-EF80474B7D5A}.Release|Any CPU.Build.0 = Release|Any CPU
	EndGlobalSection
	GlobalSection(SolutionProperties) = preSolution
		HideSolutionNode = FALSE
	EndGlobalSection
	GlobalSection(ExtensibilityGlobals) = postSolution
		SolutionGuid = {2CFCFECE-592A-452C-8AFA-2BF6DFEB3E88}
	EndGlobalSection
EndGlobal
